// !$*UTF8*$!
{
	archiveVersion = 1;
	classes = {
	};
	objectVersion = 46;
	objects = {

/* Begin PBXBuildFile section */
		EDE24AF31E2C531F00866D95 /* AppDelegate.swift in Sources */ = {isa = PBXBuildFile; fileRef = EDE24AF21E2C531F00866D95 /* AppDelegate.swift */; };
		EDE24AF51E2C531F00866D95 /* ViewController.swift in Sources */ = {isa = PBXBuildFile; fileRef = EDE24AF41E2C531F00866D95 /* ViewController.swift */; };
		EDE24AF81E2C531F00866D95 /* Main.storyboard in Resources */ = {isa = PBXBuildFile; fileRef = EDE24AF61E2C531F00866D95 /* Main.storyboard */; };
		EDE24AFA1E2C531F00866D95 /* Assets.xcassets in Resources */ = {isa = PBXBuildFile; fileRef = EDE24AF91E2C531F00866D95 /* Assets.xcassets */; };
		EDE24AFD1E2C531F00866D95 /* LaunchScreen.storyboard in Resources */ = {isa = PBXBuildFile; fileRef = EDE24AFB1E2C531F00866D95 /* LaunchScreen.storyboard */; };
/* End PBXBuildFile section */

/* Begin PBXFileReference section */
		EDE24AEF1E2C531F00866D95 /* SaveTheDogs.app */ = {isa = PBXFileReference; explicitFileType = wrapper.application; includeInIndex = 0; path = SaveTheDogs.app; sourceTree = BUILT_PRODUCTS_DIR; };
		EDE24AF21E2C531F00866D95 /* AppDelegate.swift */ = {isa = PBXFileReference; lastKnownFileType = sourcecode.swift; path = AppDelegate.swift; sourceTree = "<group>"; };
		EDE24AF41E2C531F00866D95 /* ViewController.swift */ = {isa = PBXFileReference; lastKnownFileType = sourcecode.swift; path = ViewController.swift; sourceTree = "<group>"; };
		EDE24AF71E2C531F00866D95 /* Base */ = {isa = PBXFileReference; lastKnownFileType = file.storyboard; name = Base; path = Base.lproj/Main.storyboard; sourceTree = "<group>"; };
		EDE24AF91E2C531F00866D95 /* Assets.xcassets */ = {isa = PBXFileReference; lastKnownFileType = folder.assetcatalog; path = Assets.xcassets; sourceTree = "<group>"; };
		EDE24AFC1E2C531F00866D95 /* Base */ = {isa = PBXFileReference; lastKnownFileType = file.storyboard; name = Base; path = Base.lproj/LaunchScreen.storyboard; sourceTree = "<group>"; };
		EDE24AFE1E2C531F00866D95 /* Info.plist */ = {isa = PBXFileReference; lastKnownFileType = text.plist.xml; path = Info.plist; sourceTree = "<group>"; };
/* End PBXFileReference section */

/* Begin PBXFrameworksBuildPhase section */
		EDE24AEC1E2C531F00866D95 /* Frameworks */ = {
			isa = PBXFrameworksBuildPhase;
			buildActionMask = 2147483647;
			files = (
			);
			runOnlyForDeploymentPostprocessing = 0;
		};
/* End PBXFrameworksBuildPhase section */

/* Begin PBXGroup section */
		EDE24AE61E2C531F00866D95 = {
			isa = PBXGroup;
			children = (
				EDE24AF11E2C531F00866D95 /* SaveTheDogs */,
				EDE24AF01E2C531F00866D95 /* Products */,
			);
			sourceTree = "<group>";
		};
		EDE24AF01E2C531F00866D95 /* Products */ = {
			isa = PBXGroup;
			children = (
				EDE24AEF1E2C531F00866D95 /* SaveTheDogs.app */,
			);
			name = Products;
			sourceTree = "<group>";
		};
		EDE24AF11E2C531F00866D95 /* SaveTheDogs */ = {
			isa = PBXGroup;
			children = (
				EDE24AF21E2C531F00866D95 /* AppDelegate.swift */,
				EDE24AF41E2C531F00866D95 /* ViewController.swift */,
				EDE24AF61E2C531F00866D95 /* Main.storyboard */,
				EDE24AF91E2C531F00866D95 /* Assets.xcassets */,
				EDE24AFB1E2C531F00866D95 /* LaunchScreen.storyboard */,
				EDE24AFE1E2C531F00866D95 /* Info.plist */,
			);
			path = SaveTheDogs;
			sourceTree = "<group>";
		};
/* End PBXGroup section */

/* Begin PBXNativeTarget section */
		EDE24AEE1E2C531F00866D95 /* SaveTheDogs */ = {
			isa = PBXNativeTarget;
			buildConfigurationList = EDE24B011E2C531F00866D95 /* Build configuration list for PBXNativeTarget "SaveTheDogs" */;
			buildPhases = (
				EDE24AEB1E2C531F00866D95 /* Sources */,
				EDE24AEC1E2C531F00866D95 /* Frameworks */,
				EDE24AED1E2C531F00866D95 /* Resources */,
			);
			buildRules = (
			);
			dependencies = (
			);
			name = SaveTheDogs;
			productName = SaveTheDogs;
			productReference = EDE24AEF1E2C531F00866D95 /* SaveTheDogs.app */;
			productType = "com.apple.product-type.application";
		};
/* End PBXNativeTarget section */

/* Begin PBXProject section */
		EDE24AE71E2C531F00866D95 /* Project object */ = {
			isa = PBXProject;
			attributes = {
				LastSwiftUpdateCheck = 0820;
				LastUpgradeCheck = 0820;
				ORGANIZATIONNAME = "Onur Kaplan";
				TargetAttributes = {
					EDE24AEE1E2C531F00866D95 = {
						CreatedOnToolsVersion = 8.2.1;
						ProvisioningStyle = Automatic;
					};
				};
			};
			buildConfigurationList = EDE24AEA1E2C531F00866D95 /* Build configuration list for PBXProject "SaveTheDogs" */;
			compatibilityVersion = "Xcode 3.2";
			developmentRegion = English;
			hasScannedForEncodings = 0;
			knownRegions = (
				en,
				Base,
			);
			mainGroup = EDE24AE61E2C531F00866D95;
			productRefGroup = EDE24AF01E2C531F00866D95 /* Products */;
			projectDirPath = "";
			projectRoot = "";
			targets = (
				EDE24AEE1E2C531F00866D95 /* SaveTheDogs */,
			);
		};
/* End PBXProject section */

/* Begin PBXResourcesBuildPhase section */
		EDE24AED1E2C531F00866D95 /* Resources */ = {
			isa = PBXResourcesBuildPhase;
			buildActionMask = 2147483647;
			files = (
				EDE24AFD1E2C531F00866D95 /* LaunchScreen.storyboard in Resources */,
				EDE24AFA1E2C531F00866D95 /* Assets.xcassets in Resources */,
				EDE24AF81E2C531F00866D95 /* Main.storyboard in Resources */,
			);
			runOnlyForDeploymentPostprocessing = 0;
		};
/* End PBXResourcesBuildPhase section */

/* Begin PBXSourcesBuildPhase section */
		EDE24AEB1E2C531F00866D95 /* Sources */ = {
			isa = PBXSourcesBuildPhase;
			buildActionMask = 2147483647;
			files = (
				EDE24AF51E2C531F00866D95 /* ViewController.swift in Sources */,
				EDE24AF31E2C531F00866D95 /* AppDelegate.swift in Sources */,
			);
			runOnlyForDeploymentPostprocessing = 0;
		};
/* End PBXSourcesBuildPhase section */

/* Begin PBXVariantGroup section */
		EDE24AF61E2C531F00866D95 /* Main.storyboard */ = {
			isa = PBXVariantGroup;
			children = (
				EDE24AF71E2C531F00866D95 /* Base */,
			);
			name = Main.storyboard;
			sourceTree = "<group>";
		};
		EDE24AFB1E2C531F00866D95 /* LaunchScreen.storyboard */ = {
			isa = PBXVariantGroup;
			children = (
				EDE24AFC1E2C531F00866D95 /* Base */,
			);
			name = LaunchScreen.storyboard;
			sourceTree = "<group>";
		};
/* End PBXVariantGroup section */

/* Begin XCBuildConfiguration section */
		EDE24AFF1E2C531F00866D95 /* Debug */ = {
			isa = XCBuildConfiguration;
			buildSettings = {
				ALWAYS_SEARCH_USER_PATHS = NO;
				CLANG_ANALYZER_NONNULL = YES;
				CLANG_CXX_LANGUAGE_STANDARD = "gnu++0x";
				CLANG_CXX_LIBRARY = "libc++";
				CLANG_ENABLE_MODULES = YES;
				CLANG_ENABLE_OBJC_ARC = YES;
				CLANG_WARN_BOOL_CONVERSION = YES;
				CLANG_WARN_CONSTANT_CONVERSION = YES;
				CLANG_WARN_DIRECT_OBJC_ISA_USAGE = YES_ERROR;
				CLANG_WARN_DOCUMENTATION_COMMENTS = YES;
				CLANG_WARN_EMPTY_BODY = YES;
				CLANG_WARN_ENUM_CONVERSION = YES;
				CLANG_WARN_INFINITE_RECURSION = YES;
				CLANG_WARN_INT_CONVERSION = YES;
				CLANG_WARN_OBJC_ROOT_CLASS = YES_ERROR;
				CLANG_WARN_SUSPICIOUS_MOVE = YES;
				CLANG_WARN_UNREACHABLE_CODE = YES;
				CLANG_WARN__DUPLICATE_METHOD_MATCH = YES;
				"CODE_SIGN_IDENTITY[sdk=iphoneos*]" = "iPhone Developer";
				COPY_PHASE_STRIP = NO;
				DEBUG_INFORMATION_FORMAT = dwarf;
				ENABLE_STRICT_OBJC_MSGSEND = YES;
				ENABLE_TESTABILITY = YES;
				GCC_C_LANGUAGE_STANDARD = gnu99;
				GCC_DYNAMIC_NO_PIC = NO;
				GCC_NO_COMMON_BLOCKS = YES;
				GCC_OPTIMIZATION_LEVEL = 0;
				GCC_PREPROCESSOR_DEFINITIONS = (
					"DEBUG=1",
					"$(inherited)",
				);
				GCC_WARN_64_TO_32_BIT_CONVERSION = YES;
				GCC_WARN_ABOUT_RETURN_TYPE = YES_ERROR;
				GCC_WARN_UNDECLARED_SELECTOR = YES;
				GCC_WARN_UNINITIALIZED_AUTOS = YES_AGGRESSIVE;
				GCC_WARN_UNUSED_FUNCTION = YES;
				GCC_WARN_UNUSED_VARIABLE = YES;
				IPHONEOS_DEPLOYMENT_TARGET = 10.2;
				MTL_ENABLE_DEBUG_INFO = YES;
				ONLY_ACTIVE_ARCH = YES;
				SDKROOT = iphoneos;
				SWIFT_ACTIVE_COMPILATION_CONDITIONS = DEBUG;
				SWIFT_OPTIMIZATION_LEVEL = "-Onone";
				TARGETED_DEVICE_FAMILY = "1,2";
			};
			name = Debug;
		};
		EDE24B001E2C531F00866D95 /* Release */ = {
			isa = XCBuildConfiguration;
			buildSettings = {
				ALWAYS_SEARCH_USER_PATHS = NO;
				CLANG_ANALYZER_NONNULL = YES;
				CLANG_CXX_LANGUAGE_STANDARD = "gnu++0x";
				CLANG_CXX_LIBRARY = "libc++";
				CLANG_ENABLE_MODULES = YES;
				CLANG_ENABLE_OBJC_ARC = YES;
				CLANG_WARN_BOOL_CONVERSION = YES;
				CLANG_WARN_CONSTANT_CONVERSION = YES;
				CLANG_WARN_DIRECT_OBJC_ISA_USAGE = YES_ERROR;
				CLANG_WARN_DOCUMENTATION_COMMENTS = YES;
				CLANG_WARN_EMPTY_BODY = YES;
				CLANG_WARN_ENUM_CONVERSION = YES;
				CLANG_WARN_INFINITE_RECURSION = YES;
				CLANG_WARN_INT_CONVERSION = YES;
				CLANG_WARN_OBJC_ROOT_CLASS = YES_ERROR;
				CLANG_WARN_SUSPICIOUS_MOVE = YES;
				CLANG_WARN_UNREACHABLE_CODE = YES;
				CLANG_WARN__DUPLICATE_METHOD_MATCH = YES;
				"CODE_SIGN_IDENTITY[sdk=iphoneos*]" = "iPhone Developer";
				COPY_PHASE_STRIP = NO;
				DEBUG_INFORMATION_FORMAT = "dwarf-with-dsym";
				ENABLE_NS_ASSERTIONS = NO;
				ENABLE_STRICT_OBJC_MSGSEND = YES;
				GCC_C_LANGUAGE_STANDARD = gnu99;
				GCC_NO_COMMON_BLOCKS = YES;
				GCC_WARN_64_TO_32_BIT_CONVERSION = YES;
				GCC_WARN_ABOUT_RETURN_TYPE = YES_ERROR;
				GCC_WARN_UNDECLARED_SELECTOR = YES;
				GCC_WARN_UNINITIALIZED_AUTOS = YES_AGGRESSIVE;
				GCC_WARN_UNUSED_FUNCTION = YES;
				GCC_WARN_UNUSED_VARIABLE = YES;
				IPHONEOS_DEPLOYMENT_TARGET = 10.2;
				MTL_ENABLE_DEBUG_INFO = NO;
				SDKROOT = iphoneos;
				SWIFT_OPTIMIZATION_LEVEL = "-Owholemodule";
				TARGETED_DEVICE_FAMILY = "1,2";
				VALIDATE_PRODUCT = YES;
			};
			name = Release;
		};
		EDE24B021E2C531F00866D95 /* Debug */ = {
			isa = XCBuildConfiguration;
			buildSettings = {
				ASSETCATALOG_COMPILER_APPICON_NAME = AppIcon;
				INFOPLIST_FILE = SaveTheDogs/Info.plist;
				LD_RUNPATH_SEARCH_PATHS = "$(inherited) @executable_path/Frameworks";
				PRODUCT_BUNDLE_IDENTIFIER = com.onurkaplan.SaveTheDogs;
				PRODUCT_NAME = "$(TARGET_NAME)";
				SWIFT_VERSION = 3.0;
			};
			name = Debug;
		};
		EDE24B031E2C531F00866D95 /* Release */ = {
			isa = XCBuildConfiguration;
			buildSettings = {
				ASSETCATALOG_COMPILER_APPICON_NAME = AppIcon;
				INFOPLIST_FILE = SaveTheDogs/Info.plist;
				LD_RUNPATH_SEARCH_PATHS = "$(inherited) @executable_path/Frameworks";
				PRODUCT_BUNDLE_IDENTIFIER = com.onurkaplan.SaveTheDogs;
				PRODUCT_NAME = "$(TARGET_NAME)";
				SWIFT_VERSION = 3.0;
			};
			name = Release;
		};
/* End XCBuildConfiguration section */

/* Begin XCConfigurationList section */
		EDE24AEA1E2C531F00866D95 /* Build configuration list for PBXProject "SaveTheDogs" */ = {
			isa = XCConfigurationList;
			buildConfigurations = (
				EDE24AFF1E2C531F00866D95 /* Debug */,
				EDE24B001E2C531F00866D95 /* Release */,
			);
			defaultConfigurationIsVisible = 0;
			defaultConfigurationName = Release;
		};
		EDE24B011E2C531F00866D95 /* Build configuration list for PBXNativeTarget "SaveTheDogs" */ = {
			isa = XCConfigurationList;
			buildConfigurations = (
				EDE24B021E2C531F00866D95 /* Debug */,
				EDE24B031E2C531F00866D95 /* Release */,
			);
			defaultConfigurationIsVisible = 0;
		};
/* End XCConfigurationList section */
	};
	rootObject = EDE24AE71E2C531F00866D95 /* Project object */;
}
